
Microsoft Visual Studio Solution File, Format Version 12.00
# Visual Studio 15
VisualStudioVersion = 15.0.27130.2020
MinimumVisualStudioVersion = 10.0.40219.1
Project("{FAE04EC0-301F-11D3-BF4B-00C04F79EFBC}") = "FBXDesigns", "FBDesigns\FBDesigns\FBXDesigns.csproj", "{6A096634-8C85-42B8-BA7E-88BFDDD49B1B}"
EndProject
Project("{FAE04EC0-301F-11D3-BF4B-00C04F79EFBC}") = "FBXpert", "FBExpert\FBXpert.csproj", "{BE44C06F-4B5E-4F9F-9D34-B7EBBDCEE964}"
	ProjectSection(ProjectDependencies) = postProject
		{6A096634-8C85-42B8-BA7E-88BFDDD49B1B} = {6A096634-8C85-42B8-BA7E-88BFDDD49B1B}
		{D977B63B-BF1D-4586-B769-DC9D88F304B9} = {D977B63B-BF1D-4586-B769-DC9D88F304B9}
	EndProjectSection
EndProject
Project("{FAE04EC0-301F-11D3-BF4B-00C04F79EFBC}") = "FBDiagrammClass", "FBDiagrammLib\FBDiagrammClass\FBDiagrammClass.csproj", "{D977B63B-BF1D-4586-B769-DC9D88F304B9}"
EndProject
Global
	GlobalSection(SolutionConfigurationPlatforms) = preSolution
		Debug|Any CPU = Debug|Any CPU
		Release|Any CPU = Release|Any CPU
	EndGlobalSection
	GlobalSection(ProjectConfigurationPlatforms) = postSolution
		{6A096634-8C85-42B8-BA7E-88BFDDD49B1B}.Debug|Any CPU.ActiveCfg = Debug|Any CPU
		{6A096634-8C85-42B8-BA7E-88BFDDD49B1B}.Debug|Any CPU.Build.0 = Debug|Any CPU
		{6A096634-8C85-42B8-BA7E-88BFDDD49B1B}.Release|Any CPU.ActiveCfg = Release|Any CPU
		{6A096634-8C85-42B8-BA7E-88BFDDD49B1B}.Release|Any CPU.Build.0 = Release|Any CPU
		{BE44C06F-4B5E-4F9F-9D34-B7EBBDCEE964}.Debug|Any CPU.ActiveCfg = Debug|Any CPU
		{BE44C06F-4B5E-4F9F-9D34-B7EBBDCEE964}.Debug|Any CPU.Build.0 = Debug|Any CPU
		{BE44C06F-4B5E-4F9F-9D34-B7EBBDCEE964}.Release|Any CPU.ActiveCfg = Release|Any CPU
		{BE44C06F-4B5E-4F9F-9D34-B7EBBDCEE964}.Release|Any CPU.Build.0 = Release|Any CPU
		{D977B63B-BF1D-4586-B769-DC9D88F304B9}.Debug|Any CPU.ActiveCfg = Debug|Any CPU
		{D977B63B-BF1D-4586-B769-DC9D88F304B9}.Debug|Any CPU.Build.0 = Debug|Any CPU
		{D977B63B-BF1D-4586-B769-DC9D88F304B9}.Release|Any CPU.ActiveCfg = Release|Any CPU
		{D977B63B-BF1D-4586-B769-DC9D88F304B9}.Release|Any CPU.Build.0 = Release|Any CPU
	EndGlobalSection
	GlobalSection(SolutionProperties) = preSolution
		HideSolutionNode = FALSE
	EndGlobalSection
	GlobalSection(ExtensibilityGlobals) = postSolution
		SolutionGuid = {894ECD34-B955-44A9-8545-5735F67EF0E6}
		RESX_NeutralResourcesLanguage = de-DE
		RESX_PrefixTranslations = False
	EndGlobalSection
EndGlobal
