
Microsoft Visual Studio Solution File, Format Version 12.00
# Visual Studio Version 17
VisualStudioVersion = 17.0.31717.71
MinimumVisualStudioVersion = 10.0.40219.1
Project("{FAE04EC0-301F-11D3-BF4B-00C04F79EFBC}") = "FBXDesigns", "FBDesigns\FBDesigns\FBXDesigns.csproj", "{6A096634-8C85-42B8-BA7E-88BFDDD49B1B}"
EndProject
Project("{FAE04EC0-301F-11D3-BF4B-00C04F79EFBC}") = "FBXpert", "FBExpert\FBXpert.csproj", "{BE44C06F-4B5E-4F9F-9D34-B7EBBDCEE964}"
	ProjectSection(ProjectDependencies) = postProject
		{6A096634-8C85-42B8-BA7E-88BFDDD49B1B} = {6A096634-8C85-42B8-BA7E-88BFDDD49B1B}
		{D977B63B-BF1D-4586-B769-DC9D88F304B9} = {D977B63B-BF1D-4586-B769-DC9D88F304B9}
		{B119D5B8-E396-4251-900D-14F848BC2557} = {B119D5B8-E396-4251-900D-14F848BC2557}
	EndProjectSection
EndProject
Project("{FAE04EC0-301F-11D3-BF4B-00C04F79EFBC}") = "FBDiagrammClass", "FBDiagrammLib\FBDiagrammClass\FBDiagrammClass.csproj", "{D977B63B-BF1D-4586-B769-DC9D88F304B9}"
EndProject
Project("{FAE04EC0-301F-11D3-BF4B-00C04F79EFBC}") = "SQListApp", "..\SQLite\SQListApp\SQListApp.csproj", "{A6CBE51E-07AD-44AF-AE01-31E360E4C13A}"
EndProject
Project("{FAE04EC0-301F-11D3-BF4B-00C04F79EFBC}") = "Tester", "..\SELibrariesSource\FastColoredTextBox\Tester\Tester.csproj", "{EBE443EE-F4C7-49E6-AC22-959CA62FAA05}"
EndProject
Project("{FAE04EC0-301F-11D3-BF4B-00C04F79EFBC}") = "SEHotSpot", "..\SELibrariesSource\SEHotSpot\SEHotSpot.csproj", "{B2479835-D14F-4840-8C89-1A66699A9979}"
EndProject
Project("{FAE04EC0-301F-11D3-BF4B-00C04F79EFBC}") = "ObjectListView2012", "..\SELibrariesSource\ObjectListViewDemo\ObjectListView\ObjectListView2012.csproj", "{18FEDA0C-D147-4286-B39A-01204808106A}"
EndProject
Project("{FAE04EC0-301F-11D3-BF4B-00C04F79EFBC}") = "SparkleLibrary2012", "..\SELibrariesSource\ObjectListViewDemo\SparkleLibrary\SparkleLibrary2012.csproj", "{D63F9786-B608-4085-AF08-D909448B0426}"
EndProject
Project("{FAE04EC0-301F-11D3-BF4B-00C04F79EFBC}") = "ListViewPrinter2012", "..\SELibrariesSource\ObjectListViewDemo\ListViewPrinter\ListViewPrinter2012.csproj", "{E73A10BD-2B5A-4BAC-897F-3A58CFC07631}"
EndProject
Project("{FAE04EC0-301F-11D3-BF4B-00C04F79EFBC}") = "FBXpertLib", "FBXpertLib\FBXpertLib.csproj", "{B119D5B8-E396-4251-900D-14F848BC2557}"
EndProject
Project("{FAE04EC0-301F-11D3-BF4B-00C04F79EFBC}") = "FBXSqlView", "..\FBXSQLView\FBXSqlView\FBXSqlView.csproj", "{C296CA2E-2D4A-4DBC-B835-894E22A4BBDE}"
EndProject
Global
	GlobalSection(SolutionConfigurationPlatforms) = preSolution
		Debug|Any CPU = Debug|Any CPU
		Debug|ARM = Debug|ARM
		Debug|ARM64 = Debug|ARM64
		Debug|x64 = Debug|x64
		Debug|x86 = Debug|x86
		Release|Any CPU = Release|Any CPU
		Release|ARM = Release|ARM
		Release|ARM64 = Release|ARM64
		Release|x64 = Release|x64
		Release|x86 = Release|x86
	EndGlobalSection
	GlobalSection(ProjectConfigurationPlatforms) = postSolution
		{6A096634-8C85-42B8-BA7E-88BFDDD49B1B}.Debug|Any CPU.ActiveCfg = Debug|Any CPU
		{6A096634-8C85-42B8-BA7E-88BFDDD49B1B}.Debug|Any CPU.Build.0 = Debug|Any CPU
		{6A096634-8C85-42B8-BA7E-88BFDDD49B1B}.Debug|ARM.ActiveCfg = Debug|Any CPU
		{6A096634-8C85-42B8-BA7E-88BFDDD49B1B}.Debug|ARM.Build.0 = Debug|Any CPU
		{6A096634-8C85-42B8-BA7E-88BFDDD49B1B}.Debug|ARM64.ActiveCfg = Debug|Any CPU
		{6A096634-8C85-42B8-BA7E-88BFDDD49B1B}.Debug|ARM64.Build.0 = Debug|Any CPU
		{6A096634-8C85-42B8-BA7E-88BFDDD49B1B}.Debug|x64.ActiveCfg = Debug|Any CPU
		{6A096634-8C85-42B8-BA7E-88BFDDD49B1B}.Debug|x64.Build.0 = Debug|Any CPU
		{6A096634-8C85-42B8-BA7E-88BFDDD49B1B}.Debug|x86.ActiveCfg = Debug|Any CPU
		{6A096634-8C85-42B8-BA7E-88BFDDD49B1B}.Debug|x86.Build.0 = Debug|Any CPU
		{6A096634-8C85-42B8-BA7E-88BFDDD49B1B}.Release|Any CPU.ActiveCfg = Release|Any CPU
		{6A096634-8C85-42B8-BA7E-88BFDDD49B1B}.Release|Any CPU.Build.0 = Release|Any CPU
		{6A096634-8C85-42B8-BA7E-88BFDDD49B1B}.Release|ARM.ActiveCfg = Release|Any CPU
		{6A096634-8C85-42B8-BA7E-88BFDDD49B1B}.Release|ARM.Build.0 = Release|Any CPU
		{6A096634-8C85-42B8-BA7E-88BFDDD49B1B}.Release|ARM64.ActiveCfg = Release|Any CPU
		{6A096634-8C85-42B8-BA7E-88BFDDD49B1B}.Release|ARM64.Build.0 = Release|Any CPU
		{6A096634-8C85-42B8-BA7E-88BFDDD49B1B}.Release|x64.ActiveCfg = Release|Any CPU
		{6A096634-8C85-42B8-BA7E-88BFDDD49B1B}.Release|x64.Build.0 = Release|Any CPU
		{6A096634-8C85-42B8-BA7E-88BFDDD49B1B}.Release|x86.ActiveCfg = Release|Any CPU
		{6A096634-8C85-42B8-BA7E-88BFDDD49B1B}.Release|x86.Build.0 = Release|Any CPU
		{BE44C06F-4B5E-4F9F-9D34-B7EBBDCEE964}.Debug|Any CPU.ActiveCfg = Debug|Any CPU
		{BE44C06F-4B5E-4F9F-9D34-B7EBBDCEE964}.Debug|Any CPU.Build.0 = Debug|Any CPU
		{BE44C06F-4B5E-4F9F-9D34-B7EBBDCEE964}.Debug|ARM.ActiveCfg = Debug|Any CPU
		{BE44C06F-4B5E-4F9F-9D34-B7EBBDCEE964}.Debug|ARM.Build.0 = Debug|Any CPU
		{BE44C06F-4B5E-4F9F-9D34-B7EBBDCEE964}.Debug|ARM64.ActiveCfg = Debug|Any CPU
		{BE44C06F-4B5E-4F9F-9D34-B7EBBDCEE964}.Debug|ARM64.Build.0 = Debug|Any CPU
		{BE44C06F-4B5E-4F9F-9D34-B7EBBDCEE964}.Debug|x64.ActiveCfg = Debug|Any CPU
		{BE44C06F-4B5E-4F9F-9D34-B7EBBDCEE964}.Debug|x64.Build.0 = Debug|Any CPU
		{BE44C06F-4B5E-4F9F-9D34-B7EBBDCEE964}.Debug|x86.ActiveCfg = Debug|Any CPU
		{BE44C06F-4B5E-4F9F-9D34-B7EBBDCEE964}.Debug|x86.Build.0 = Debug|Any CPU
		{BE44C06F-4B5E-4F9F-9D34-B7EBBDCEE964}.Release|Any CPU.ActiveCfg = Release|Any CPU
		{BE44C06F-4B5E-4F9F-9D34-B7EBBDCEE964}.Release|Any CPU.Build.0 = Release|Any CPU
		{BE44C06F-4B5E-4F9F-9D34-B7EBBDCEE964}.Release|ARM.ActiveCfg = Release|Any CPU
		{BE44C06F-4B5E-4F9F-9D34-B7EBBDCEE964}.Release|ARM.Build.0 = Release|Any CPU
		{BE44C06F-4B5E-4F9F-9D34-B7EBBDCEE964}.Release|ARM64.ActiveCfg = Release|Any CPU
		{BE44C06F-4B5E-4F9F-9D34-B7EBBDCEE964}.Release|ARM64.Build.0 = Release|Any CPU
		{BE44C06F-4B5E-4F9F-9D34-B7EBBDCEE964}.Release|x64.ActiveCfg = Release|Any CPU
		{BE44C06F-4B5E-4F9F-9D34-B7EBBDCEE964}.Release|x64.Build.0 = Release|Any CPU
		{BE44C06F-4B5E-4F9F-9D34-B7EBBDCEE964}.Release|x86.ActiveCfg = Release|Any CPU
		{BE44C06F-4B5E-4F9F-9D34-B7EBBDCEE964}.Release|x86.Build.0 = Release|Any CPU
		{D977B63B-BF1D-4586-B769-DC9D88F304B9}.Debug|Any CPU.ActiveCfg = Debug|Any CPU
		{D977B63B-BF1D-4586-B769-DC9D88F304B9}.Debug|Any CPU.Build.0 = Debug|Any CPU
		{D977B63B-BF1D-4586-B769-DC9D88F304B9}.Debug|ARM.ActiveCfg = Debug|Any CPU
		{D977B63B-BF1D-4586-B769-DC9D88F304B9}.Debug|ARM.Build.0 = Debug|Any CPU
		{D977B63B-BF1D-4586-B769-DC9D88F304B9}.Debug|ARM64.ActiveCfg = Debug|Any CPU
		{D977B63B-BF1D-4586-B769-DC9D88F304B9}.Debug|ARM64.Build.0 = Debug|Any CPU
		{D977B63B-BF1D-4586-B769-DC9D88F304B9}.Debug|x64.ActiveCfg = Debug|Any CPU
		{D977B63B-BF1D-4586-B769-DC9D88F304B9}.Debug|x64.Build.0 = Debug|Any CPU
		{D977B63B-BF1D-4586-B769-DC9D88F304B9}.Debug|x86.ActiveCfg = Debug|Any CPU
		{D977B63B-BF1D-4586-B769-DC9D88F304B9}.Debug|x86.Build.0 = Debug|Any CPU
		{D977B63B-BF1D-4586-B769-DC9D88F304B9}.Release|Any CPU.ActiveCfg = Release|Any CPU
		{D977B63B-BF1D-4586-B769-DC9D88F304B9}.Release|Any CPU.Build.0 = Release|Any CPU
		{D977B63B-BF1D-4586-B769-DC9D88F304B9}.Release|ARM.ActiveCfg = Release|Any CPU
		{D977B63B-BF1D-4586-B769-DC9D88F304B9}.Release|ARM.Build.0 = Release|Any CPU
		{D977B63B-BF1D-4586-B769-DC9D88F304B9}.Release|ARM64.ActiveCfg = Release|Any CPU
		{D977B63B-BF1D-4586-B769-DC9D88F304B9}.Release|ARM64.Build.0 = Release|Any CPU
		{D977B63B-BF1D-4586-B769-DC9D88F304B9}.Release|x64.ActiveCfg = Release|Any CPU
		{D977B63B-BF1D-4586-B769-DC9D88F304B9}.Release|x64.Build.0 = Release|Any CPU
		{D977B63B-BF1D-4586-B769-DC9D88F304B9}.Release|x86.ActiveCfg = Release|Any CPU
		{D977B63B-BF1D-4586-B769-DC9D88F304B9}.Release|x86.Build.0 = Release|Any CPU
		{A6CBE51E-07AD-44AF-AE01-31E360E4C13A}.Debug|Any CPU.ActiveCfg = Debug|Any CPU
		{A6CBE51E-07AD-44AF-AE01-31E360E4C13A}.Debug|Any CPU.Build.0 = Debug|Any CPU
		{A6CBE51E-07AD-44AF-AE01-31E360E4C13A}.Debug|ARM.ActiveCfg = Debug|Any CPU
		{A6CBE51E-07AD-44AF-AE01-31E360E4C13A}.Debug|ARM.Build.0 = Debug|Any CPU
		{A6CBE51E-07AD-44AF-AE01-31E360E4C13A}.Debug|ARM64.ActiveCfg = Debug|Any CPU
		{A6CBE51E-07AD-44AF-AE01-31E360E4C13A}.Debug|ARM64.Build.0 = Debug|Any CPU
		{A6CBE51E-07AD-44AF-AE01-31E360E4C13A}.Debug|x64.ActiveCfg = Debug|Any CPU
		{A6CBE51E-07AD-44AF-AE01-31E360E4C13A}.Debug|x64.Build.0 = Debug|Any CPU
		{A6CBE51E-07AD-44AF-AE01-31E360E4C13A}.Debug|x86.ActiveCfg = Debug|Any CPU
		{A6CBE51E-07AD-44AF-AE01-31E360E4C13A}.Debug|x86.Build.0 = Debug|Any CPU
		{A6CBE51E-07AD-44AF-AE01-31E360E4C13A}.Release|Any CPU.ActiveCfg = Release|Any CPU
		{A6CBE51E-07AD-44AF-AE01-31E360E4C13A}.Release|Any CPU.Build.0 = Release|Any CPU
		{A6CBE51E-07AD-44AF-AE01-31E360E4C13A}.Release|ARM.ActiveCfg = Release|Any CPU
		{A6CBE51E-07AD-44AF-AE01-31E360E4C13A}.Release|ARM.Build.0 = Release|Any CPU
		{A6CBE51E-07AD-44AF-AE01-31E360E4C13A}.Release|ARM64.ActiveCfg = Release|Any CPU
		{A6CBE51E-07AD-44AF-AE01-31E360E4C13A}.Release|ARM64.Build.0 = Release|Any CPU
		{A6CBE51E-07AD-44AF-AE01-31E360E4C13A}.Release|x64.ActiveCfg = Release|Any CPU
		{A6CBE51E-07AD-44AF-AE01-31E360E4C13A}.Release|x64.Build.0 = Release|Any CPU
		{A6CBE51E-07AD-44AF-AE01-31E360E4C13A}.Release|x86.ActiveCfg = Release|Any CPU
		{A6CBE51E-07AD-44AF-AE01-31E360E4C13A}.Release|x86.Build.0 = Release|Any CPU
		{EBE443EE-F4C7-49E6-AC22-959CA62FAA05}.Debug|Any CPU.ActiveCfg = Debug|x86
		{EBE443EE-F4C7-49E6-AC22-959CA62FAA05}.Debug|ARM.ActiveCfg = Debug|x86
		{EBE443EE-F4C7-49E6-AC22-959CA62FAA05}.Debug|ARM64.ActiveCfg = Debug|x86
		{EBE443EE-F4C7-49E6-AC22-959CA62FAA05}.Debug|x64.ActiveCfg = Debug|x86
		{EBE443EE-F4C7-49E6-AC22-959CA62FAA05}.Debug|x86.ActiveCfg = Debug|x86
		{EBE443EE-F4C7-49E6-AC22-959CA62FAA05}.Debug|x86.Build.0 = Debug|x86
		{EBE443EE-F4C7-49E6-AC22-959CA62FAA05}.Release|Any CPU.ActiveCfg = Release|x86
		{EBE443EE-F4C7-49E6-AC22-959CA62FAA05}.Release|ARM.ActiveCfg = Release|x86
		{EBE443EE-F4C7-49E6-AC22-959CA62FAA05}.Release|ARM64.ActiveCfg = Release|x86
		{EBE443EE-F4C7-49E6-AC22-959CA62FAA05}.Release|x64.ActiveCfg = Release|x86
		{EBE443EE-F4C7-49E6-AC22-959CA62FAA05}.Release|x86.ActiveCfg = Release|x86
		{EBE443EE-F4C7-49E6-AC22-959CA62FAA05}.Release|x86.Build.0 = Release|x86
		{B2479835-D14F-4840-8C89-1A66699A9979}.Debug|Any CPU.ActiveCfg = Debug|Any CPU
		{B2479835-D14F-4840-8C89-1A66699A9979}.Debug|Any CPU.Build.0 = Debug|Any CPU
		{B2479835-D14F-4840-8C89-1A66699A9979}.Debug|ARM.ActiveCfg = Debug|Any CPU
		{B2479835-D14F-4840-8C89-1A66699A9979}.Debug|ARM.Build.0 = Debug|Any CPU
		{B2479835-D14F-4840-8C89-1A66699A9979}.Debug|ARM64.ActiveCfg = Debug|Any CPU
		{B2479835-D14F-4840-8C89-1A66699A9979}.Debug|ARM64.Build.0 = Debug|Any CPU
		{B2479835-D14F-4840-8C89-1A66699A9979}.Debug|x64.ActiveCfg = Debug|Any CPU
		{B2479835-D14F-4840-8C89-1A66699A9979}.Debug|x64.Build.0 = Debug|Any CPU
		{B2479835-D14F-4840-8C89-1A66699A9979}.Debug|x86.ActiveCfg = Debug|Any CPU
		{B2479835-D14F-4840-8C89-1A66699A9979}.Debug|x86.Build.0 = Debug|Any CPU
		{B2479835-D14F-4840-8C89-1A66699A9979}.Release|Any CPU.ActiveCfg = Release|Any CPU
		{B2479835-D14F-4840-8C89-1A66699A9979}.Release|Any CPU.Build.0 = Release|Any CPU
		{B2479835-D14F-4840-8C89-1A66699A9979}.Release|ARM.ActiveCfg = Release|Any CPU
		{B2479835-D14F-4840-8C89-1A66699A9979}.Release|ARM.Build.0 = Release|Any CPU
		{B2479835-D14F-4840-8C89-1A66699A9979}.Release|ARM64.ActiveCfg = Release|Any CPU
		{B2479835-D14F-4840-8C89-1A66699A9979}.Release|ARM64.Build.0 = Release|Any CPU
		{B2479835-D14F-4840-8C89-1A66699A9979}.Release|x64.ActiveCfg = Release|Any CPU
		{B2479835-D14F-4840-8C89-1A66699A9979}.Release|x64.Build.0 = Release|Any CPU
		{B2479835-D14F-4840-8C89-1A66699A9979}.Release|x86.ActiveCfg = Release|Any CPU
		{B2479835-D14F-4840-8C89-1A66699A9979}.Release|x86.Build.0 = Release|Any CPU
		{18FEDA0C-D147-4286-B39A-01204808106A}.Debug|Any CPU.ActiveCfg = Debug|Any CPU
		{18FEDA0C-D147-4286-B39A-01204808106A}.Debug|Any CPU.Build.0 = Debug|Any CPU
		{18FEDA0C-D147-4286-B39A-01204808106A}.Debug|ARM.ActiveCfg = Debug|Any CPU
		{18FEDA0C-D147-4286-B39A-01204808106A}.Debug|ARM.Build.0 = Debug|Any CPU
		{18FEDA0C-D147-4286-B39A-01204808106A}.Debug|ARM64.ActiveCfg = Debug|Any CPU
		{18FEDA0C-D147-4286-B39A-01204808106A}.Debug|ARM64.Build.0 = Debug|Any CPU
		{18FEDA0C-D147-4286-B39A-01204808106A}.Debug|x64.ActiveCfg = Debug|Any CPU
		{18FEDA0C-D147-4286-B39A-01204808106A}.Debug|x64.Build.0 = Debug|Any CPU
		{18FEDA0C-D147-4286-B39A-01204808106A}.Debug|x86.ActiveCfg = Debug|Any CPU
		{18FEDA0C-D147-4286-B39A-01204808106A}.Debug|x86.Build.0 = Debug|Any CPU
		{18FEDA0C-D147-4286-B39A-01204808106A}.Release|Any CPU.ActiveCfg = Release|Any CPU
		{18FEDA0C-D147-4286-B39A-01204808106A}.Release|Any CPU.Build.0 = Release|Any CPU
		{18FEDA0C-D147-4286-B39A-01204808106A}.Release|ARM.ActiveCfg = Release|Any CPU
		{18FEDA0C-D147-4286-B39A-01204808106A}.Release|ARM.Build.0 = Release|Any CPU
		{18FEDA0C-D147-4286-B39A-01204808106A}.Release|ARM64.ActiveCfg = Release|Any CPU
		{18FEDA0C-D147-4286-B39A-01204808106A}.Release|ARM64.Build.0 = Release|Any CPU
		{18FEDA0C-D147-4286-B39A-01204808106A}.Release|x64.ActiveCfg = Release|Any CPU
		{18FEDA0C-D147-4286-B39A-01204808106A}.Release|x64.Build.0 = Release|Any CPU
		{18FEDA0C-D147-4286-B39A-01204808106A}.Release|x86.ActiveCfg = Release|Any CPU
		{18FEDA0C-D147-4286-B39A-01204808106A}.Release|x86.Build.0 = Release|Any CPU
		{D63F9786-B608-4085-AF08-D909448B0426}.Debug|Any CPU.ActiveCfg = Debug|Any CPU
		{D63F9786-B608-4085-AF08-D909448B0426}.Debug|Any CPU.Build.0 = Debug|Any CPU
		{D63F9786-B608-4085-AF08-D909448B0426}.Debug|ARM.ActiveCfg = Debug|Any CPU
		{D63F9786-B608-4085-AF08-D909448B0426}.Debug|ARM.Build.0 = Debug|Any CPU
		{D63F9786-B608-4085-AF08-D909448B0426}.Debug|ARM64.ActiveCfg = Debug|Any CPU
		{D63F9786-B608-4085-AF08-D909448B0426}.Debug|ARM64.Build.0 = Debug|Any CPU
		{D63F9786-B608-4085-AF08-D909448B0426}.Debug|x64.ActiveCfg = Debug|Any CPU
		{D63F9786-B608-4085-AF08-D909448B0426}.Debug|x64.Build.0 = Debug|Any CPU
		{D63F9786-B608-4085-AF08-D909448B0426}.Debug|x86.ActiveCfg = Debug|Any CPU
		{D63F9786-B608-4085-AF08-D909448B0426}.Debug|x86.Build.0 = Debug|Any CPU
		{D63F9786-B608-4085-AF08-D909448B0426}.Release|Any CPU.ActiveCfg = Release|Any CPU
		{D63F9786-B608-4085-AF08-D909448B0426}.Release|Any CPU.Build.0 = Release|Any CPU
		{D63F9786-B608-4085-AF08-D909448B0426}.Release|ARM.ActiveCfg = Release|Any CPU
		{D63F9786-B608-4085-AF08-D909448B0426}.Release|ARM.Build.0 = Release|Any CPU
		{D63F9786-B608-4085-AF08-D909448B0426}.Release|ARM64.ActiveCfg = Release|Any CPU
		{D63F9786-B608-4085-AF08-D909448B0426}.Release|ARM64.Build.0 = Release|Any CPU
		{D63F9786-B608-4085-AF08-D909448B0426}.Release|x64.ActiveCfg = Release|Any CPU
		{D63F9786-B608-4085-AF08-D909448B0426}.Release|x64.Build.0 = Release|Any CPU
		{D63F9786-B608-4085-AF08-D909448B0426}.Release|x86.ActiveCfg = Release|Any CPU
		{D63F9786-B608-4085-AF08-D909448B0426}.Release|x86.Build.0 = Release|Any CPU
		{E73A10BD-2B5A-4BAC-897F-3A58CFC07631}.Debug|Any CPU.ActiveCfg = Debug|Any CPU
		{E73A10BD-2B5A-4BAC-897F-3A58CFC07631}.Debug|Any CPU.Build.0 = Debug|Any CPU
		{E73A10BD-2B5A-4BAC-897F-3A58CFC07631}.Debug|ARM.ActiveCfg = Debug|Any CPU
		{E73A10BD-2B5A-4BAC-897F-3A58CFC07631}.Debug|ARM.Build.0 = Debug|Any CPU
		{E73A10BD-2B5A-4BAC-897F-3A58CFC07631}.Debug|ARM64.ActiveCfg = Debug|Any CPU
		{E73A10BD-2B5A-4BAC-897F-3A58CFC07631}.Debug|ARM64.Build.0 = Debug|Any CPU
		{E73A10BD-2B5A-4BAC-897F-3A58CFC07631}.Debug|x64.ActiveCfg = Debug|Any CPU
		{E73A10BD-2B5A-4BAC-897F-3A58CFC07631}.Debug|x64.Build.0 = Debug|Any CPU
		{E73A10BD-2B5A-4BAC-897F-3A58CFC07631}.Debug|x86.ActiveCfg = Debug|Any CPU
		{E73A10BD-2B5A-4BAC-897F-3A58CFC07631}.Debug|x86.Build.0 = Debug|Any CPU
		{E73A10BD-2B5A-4BAC-897F-3A58CFC07631}.Release|Any CPU.ActiveCfg = Release|Any CPU
		{E73A10BD-2B5A-4BAC-897F-3A58CFC07631}.Release|Any CPU.Build.0 = Release|Any CPU
		{E73A10BD-2B5A-4BAC-897F-3A58CFC07631}.Release|ARM.ActiveCfg = Release|Any CPU
		{E73A10BD-2B5A-4BAC-897F-3A58CFC07631}.Release|ARM.Build.0 = Release|Any CPU
		{E73A10BD-2B5A-4BAC-897F-3A58CFC07631}.Release|ARM64.ActiveCfg = Release|Any CPU
		{E73A10BD-2B5A-4BAC-897F-3A58CFC07631}.Release|ARM64.Build.0 = Release|Any CPU
		{E73A10BD-2B5A-4BAC-897F-3A58CFC07631}.Release|x64.ActiveCfg = Release|Any CPU
		{E73A10BD-2B5A-4BAC-897F-3A58CFC07631}.Release|x64.Build.0 = Release|Any CPU
		{E73A10BD-2B5A-4BAC-897F-3A58CFC07631}.Release|x86.ActiveCfg = Release|Any CPU
		{E73A10BD-2B5A-4BAC-897F-3A58CFC07631}.Release|x86.Build.0 = Release|Any CPU
		{B119D5B8-E396-4251-900D-14F848BC2557}.Debug|Any CPU.ActiveCfg = Debug|Any CPU
		{B119D5B8-E396-4251-900D-14F848BC2557}.Debug|Any CPU.Build.0 = Debug|Any CPU
		{B119D5B8-E396-4251-900D-14F848BC2557}.Debug|ARM.ActiveCfg = Debug|Any CPU
		{B119D5B8-E396-4251-900D-14F848BC2557}.Debug|ARM.Build.0 = Debug|Any CPU
		{B119D5B8-E396-4251-900D-14F848BC2557}.Debug|ARM64.ActiveCfg = Debug|Any CPU
		{B119D5B8-E396-4251-900D-14F848BC2557}.Debug|ARM64.Build.0 = Debug|Any CPU
		{B119D5B8-E396-4251-900D-14F848BC2557}.Debug|x64.ActiveCfg = Debug|Any CPU
		{B119D5B8-E396-4251-900D-14F848BC2557}.Debug|x64.Build.0 = Debug|Any CPU
		{B119D5B8-E396-4251-900D-14F848BC2557}.Debug|x86.ActiveCfg = Debug|Any CPU
		{B119D5B8-E396-4251-900D-14F848BC2557}.Debug|x86.Build.0 = Debug|Any CPU
		{B119D5B8-E396-4251-900D-14F848BC2557}.Release|Any CPU.ActiveCfg = Release|Any CPU
		{B119D5B8-E396-4251-900D-14F848BC2557}.Release|Any CPU.Build.0 = Release|Any CPU
		{B119D5B8-E396-4251-900D-14F848BC2557}.Release|ARM.ActiveCfg = Release|Any CPU
		{B119D5B8-E396-4251-900D-14F848BC2557}.Release|ARM.Build.0 = Release|Any CPU
		{B119D5B8-E396-4251-900D-14F848BC2557}.Release|ARM64.ActiveCfg = Release|Any CPU
		{B119D5B8-E396-4251-900D-14F848BC2557}.Release|ARM64.Build.0 = Release|Any CPU
		{B119D5B8-E396-4251-900D-14F848BC2557}.Release|x64.ActiveCfg = Release|Any CPU
		{B119D5B8-E396-4251-900D-14F848BC2557}.Release|x64.Build.0 = Release|Any CPU
		{B119D5B8-E396-4251-900D-14F848BC2557}.Release|x86.ActiveCfg = Release|Any CPU
		{B119D5B8-E396-4251-900D-14F848BC2557}.Release|x86.Build.0 = Release|Any CPU
		{C296CA2E-2D4A-4DBC-B835-894E22A4BBDE}.Debug|Any CPU.ActiveCfg = Debug|Any CPU
		{C296CA2E-2D4A-4DBC-B835-894E22A4BBDE}.Debug|Any CPU.Build.0 = Debug|Any CPU
		{C296CA2E-2D4A-4DBC-B835-894E22A4BBDE}.Debug|ARM.ActiveCfg = Debug|Any CPU
		{C296CA2E-2D4A-4DBC-B835-894E22A4BBDE}.Debug|ARM.Build.0 = Debug|Any CPU
		{C296CA2E-2D4A-4DBC-B835-894E22A4BBDE}.Debug|ARM64.ActiveCfg = Debug|Any CPU
		{C296CA2E-2D4A-4DBC-B835-894E22A4BBDE}.Debug|ARM64.Build.0 = Debug|Any CPU
		{C296CA2E-2D4A-4DBC-B835-894E22A4BBDE}.Debug|x64.ActiveCfg = Debug|Any CPU
		{C296CA2E-2D4A-4DBC-B835-894E22A4BBDE}.Debug|x64.Build.0 = Debug|Any CPU
		{C296CA2E-2D4A-4DBC-B835-894E22A4BBDE}.Debug|x86.ActiveCfg = Debug|Any CPU
		{C296CA2E-2D4A-4DBC-B835-894E22A4BBDE}.Debug|x86.Build.0 = Debug|Any CPU
		{C296CA2E-2D4A-4DBC-B835-894E22A4BBDE}.Release|Any CPU.ActiveCfg = Release|Any CPU
		{C296CA2E-2D4A-4DBC-B835-894E22A4BBDE}.Release|Any CPU.Build.0 = Release|Any CPU
		{C296CA2E-2D4A-4DBC-B835-894E22A4BBDE}.Release|ARM.ActiveCfg = Release|Any CPU
		{C296CA2E-2D4A-4DBC-B835-894E22A4BBDE}.Release|ARM.Build.0 = Release|Any CPU
		{C296CA2E-2D4A-4DBC-B835-894E22A4BBDE}.Release|ARM64.ActiveCfg = Release|Any CPU
		{C296CA2E-2D4A-4DBC-B835-894E22A4BBDE}.Release|ARM64.Build.0 = Release|Any CPU
		{C296CA2E-2D4A-4DBC-B835-894E22A4BBDE}.Release|x64.ActiveCfg = Release|Any CPU
		{C296CA2E-2D4A-4DBC-B835-894E22A4BBDE}.Release|x64.Build.0 = Release|Any CPU
		{C296CA2E-2D4A-4DBC-B835-894E22A4BBDE}.Release|x86.ActiveCfg = Release|Any CPU
		{C296CA2E-2D4A-4DBC-B835-894E22A4BBDE}.Release|x86.Build.0 = Release|Any CPU
	EndGlobalSection
	GlobalSection(SolutionProperties) = preSolution
		HideSolutionNode = FALSE
	EndGlobalSection
	GlobalSection(ExtensibilityGlobals) = postSolution
		RESX_PrefixTranslations = False
		RESX_NeutralResourcesLanguage = de-DE
		SolutionGuid = {894ECD34-B955-44A9-8545-5735F67EF0E6}
	EndGlobalSection
EndGlobal
