
Microsoft Visual Studio Solution File, Format Version 12.00
# Visual Studio Version 16
VisualStudioVersion = 16.0.28729.10
MinimumVisualStudioVersion = 10.0.40219.1
Project("{FAE04EC0-301F-11D3-BF4B-00C04F79EFBC}") = "FBXDesigns", "FBDesigns\FBDesigns\FBXDesigns.csproj", "{6A096634-8C85-42B8-BA7E-88BFDDD49B1B}"
EndProject
Project("{FAE04EC0-301F-11D3-BF4B-00C04F79EFBC}") = "FBXpert", "FBExpert\FBXpert.csproj", "{BE44C06F-4B5E-4F9F-9D34-B7EBBDCEE964}"
	ProjectSection(ProjectDependencies) = postProject
		{6A096634-8C85-42B8-BA7E-88BFDDD49B1B} = {6A096634-8C85-42B8-BA7E-88BFDDD49B1B}
		{D977B63B-BF1D-4586-B769-DC9D88F304B9} = {D977B63B-BF1D-4586-B769-DC9D88F304B9}
	EndProjectSection
EndProject
Project("{FAE04EC0-301F-11D3-BF4B-00C04F79EFBC}") = "FBDiagrammClass", "FBDiagrammLib\FBDiagrammClass\FBDiagrammClass.csproj", "{D977B63B-BF1D-4586-B769-DC9D88F304B9}"
EndProject
Project("{FAE04EC0-301F-11D3-BF4B-00C04F79EFBC}") = "SQListApp", "..\SQLite\SQListApp\SQListApp.csproj", "{A6CBE51E-07AD-44AF-AE01-31E360E4C13A}"
EndProject
Project("{FAE04EC0-301F-11D3-BF4B-00C04F79EFBC}") = "FBXpert_Release", "FBExpert\FBXpert_Release.csproj", "{0A4D02D5-A29D-4CDD-AED1-0D528E11DD0B}"
EndProject
Global
	GlobalSection(SolutionConfigurationPlatforms) = preSolution
		Debug|Any CPU = Debug|Any CPU
		Debug|ARM = Debug|ARM
		Debug|ARM64 = Debug|ARM64
		Debug|x64 = Debug|x64
		Debug|x86 = Debug|x86
		Release|Any CPU = Release|Any CPU
		Release|ARM = Release|ARM
		Release|ARM64 = Release|ARM64
		Release|x64 = Release|x64
		Release|x86 = Release|x86
	EndGlobalSection
	GlobalSection(ProjectConfigurationPlatforms) = postSolution
		{6A096634-8C85-42B8-BA7E-88BFDDD49B1B}.Debug|Any CPU.ActiveCfg = Debug|Any CPU
		{6A096634-8C85-42B8-BA7E-88BFDDD49B1B}.Debug|Any CPU.Build.0 = Debug|Any CPU
		{6A096634-8C85-42B8-BA7E-88BFDDD49B1B}.Debug|ARM.ActiveCfg = Debug|Any CPU
		{6A096634-8C85-42B8-BA7E-88BFDDD49B1B}.Debug|ARM.Build.0 = Debug|Any CPU
		{6A096634-8C85-42B8-BA7E-88BFDDD49B1B}.Debug|ARM64.ActiveCfg = Debug|Any CPU
		{6A096634-8C85-42B8-BA7E-88BFDDD49B1B}.Debug|ARM64.Build.0 = Debug|Any CPU
		{6A096634-8C85-42B8-BA7E-88BFDDD49B1B}.Debug|x64.ActiveCfg = Debug|Any CPU
		{6A096634-8C85-42B8-BA7E-88BFDDD49B1B}.Debug|x64.Build.0 = Debug|Any CPU
		{6A096634-8C85-42B8-BA7E-88BFDDD49B1B}.Debug|x86.ActiveCfg = Debug|Any CPU
		{6A096634-8C85-42B8-BA7E-88BFDDD49B1B}.Debug|x86.Build.0 = Debug|Any CPU
		{6A096634-8C85-42B8-BA7E-88BFDDD49B1B}.Release|Any CPU.ActiveCfg = Release|Any CPU
		{6A096634-8C85-42B8-BA7E-88BFDDD49B1B}.Release|Any CPU.Build.0 = Release|Any CPU
		{6A096634-8C85-42B8-BA7E-88BFDDD49B1B}.Release|ARM.ActiveCfg = Release|Any CPU
		{6A096634-8C85-42B8-BA7E-88BFDDD49B1B}.Release|ARM.Build.0 = Release|Any CPU
		{6A096634-8C85-42B8-BA7E-88BFDDD49B1B}.Release|ARM64.ActiveCfg = Release|Any CPU
		{6A096634-8C85-42B8-BA7E-88BFDDD49B1B}.Release|ARM64.Build.0 = Release|Any CPU
		{6A096634-8C85-42B8-BA7E-88BFDDD49B1B}.Release|x64.ActiveCfg = Release|Any CPU
		{6A096634-8C85-42B8-BA7E-88BFDDD49B1B}.Release|x64.Build.0 = Release|Any CPU
		{6A096634-8C85-42B8-BA7E-88BFDDD49B1B}.Release|x86.ActiveCfg = Release|Any CPU
		{6A096634-8C85-42B8-BA7E-88BFDDD49B1B}.Release|x86.Build.0 = Release|Any CPU
		{BE44C06F-4B5E-4F9F-9D34-B7EBBDCEE964}.Debug|Any CPU.ActiveCfg = Debug|Any CPU
		{BE44C06F-4B5E-4F9F-9D34-B7EBBDCEE964}.Debug|Any CPU.Build.0 = Debug|Any CPU
		{BE44C06F-4B5E-4F9F-9D34-B7EBBDCEE964}.Debug|ARM.ActiveCfg = Debug|Any CPU
		{BE44C06F-4B5E-4F9F-9D34-B7EBBDCEE964}.Debug|ARM.Build.0 = Debug|Any CPU
		{BE44C06F-4B5E-4F9F-9D34-B7EBBDCEE964}.Debug|ARM64.ActiveCfg = Debug|Any CPU
		{BE44C06F-4B5E-4F9F-9D34-B7EBBDCEE964}.Debug|ARM64.Build.0 = Debug|Any CPU
		{BE44C06F-4B5E-4F9F-9D34-B7EBBDCEE964}.Debug|x64.ActiveCfg = Debug|Any CPU
		{BE44C06F-4B5E-4F9F-9D34-B7EBBDCEE964}.Debug|x64.Build.0 = Debug|Any CPU
		{BE44C06F-4B5E-4F9F-9D34-B7EBBDCEE964}.Debug|x86.ActiveCfg = Debug|Any CPU
		{BE44C06F-4B5E-4F9F-9D34-B7EBBDCEE964}.Debug|x86.Build.0 = Debug|Any CPU
		{BE44C06F-4B5E-4F9F-9D34-B7EBBDCEE964}.Release|Any CPU.ActiveCfg = Release|Any CPU
		{BE44C06F-4B5E-4F9F-9D34-B7EBBDCEE964}.Release|Any CPU.Build.0 = Release|Any CPU
		{BE44C06F-4B5E-4F9F-9D34-B7EBBDCEE964}.Release|ARM.ActiveCfg = Release|Any CPU
		{BE44C06F-4B5E-4F9F-9D34-B7EBBDCEE964}.Release|ARM.Build.0 = Release|Any CPU
		{BE44C06F-4B5E-4F9F-9D34-B7EBBDCEE964}.Release|ARM64.ActiveCfg = Release|Any CPU
		{BE44C06F-4B5E-4F9F-9D34-B7EBBDCEE964}.Release|ARM64.Build.0 = Release|Any CPU
		{BE44C06F-4B5E-4F9F-9D34-B7EBBDCEE964}.Release|x64.ActiveCfg = Release|Any CPU
		{BE44C06F-4B5E-4F9F-9D34-B7EBBDCEE964}.Release|x64.Build.0 = Release|Any CPU
		{BE44C06F-4B5E-4F9F-9D34-B7EBBDCEE964}.Release|x86.ActiveCfg = Release|Any CPU
		{BE44C06F-4B5E-4F9F-9D34-B7EBBDCEE964}.Release|x86.Build.0 = Release|Any CPU
		{D977B63B-BF1D-4586-B769-DC9D88F304B9}.Debug|Any CPU.ActiveCfg = Debug|Any CPU
		{D977B63B-BF1D-4586-B769-DC9D88F304B9}.Debug|Any CPU.Build.0 = Debug|Any CPU
		{D977B63B-BF1D-4586-B769-DC9D88F304B9}.Debug|ARM.ActiveCfg = Debug|Any CPU
		{D977B63B-BF1D-4586-B769-DC9D88F304B9}.Debug|ARM.Build.0 = Debug|Any CPU
		{D977B63B-BF1D-4586-B769-DC9D88F304B9}.Debug|ARM64.ActiveCfg = Debug|Any CPU
		{D977B63B-BF1D-4586-B769-DC9D88F304B9}.Debug|ARM64.Build.0 = Debug|Any CPU
		{D977B63B-BF1D-4586-B769-DC9D88F304B9}.Debug|x64.ActiveCfg = Debug|Any CPU
		{D977B63B-BF1D-4586-B769-DC9D88F304B9}.Debug|x64.Build.0 = Debug|Any CPU
		{D977B63B-BF1D-4586-B769-DC9D88F304B9}.Debug|x86.ActiveCfg = Debug|Any CPU
		{D977B63B-BF1D-4586-B769-DC9D88F304B9}.Debug|x86.Build.0 = Debug|Any CPU
		{D977B63B-BF1D-4586-B769-DC9D88F304B9}.Release|Any CPU.ActiveCfg = Release|Any CPU
		{D977B63B-BF1D-4586-B769-DC9D88F304B9}.Release|Any CPU.Build.0 = Release|Any CPU
		{D977B63B-BF1D-4586-B769-DC9D88F304B9}.Release|ARM.ActiveCfg = Release|Any CPU
		{D977B63B-BF1D-4586-B769-DC9D88F304B9}.Release|ARM.Build.0 = Release|Any CPU
		{D977B63B-BF1D-4586-B769-DC9D88F304B9}.Release|ARM64.ActiveCfg = Release|Any CPU
		{D977B63B-BF1D-4586-B769-DC9D88F304B9}.Release|ARM64.Build.0 = Release|Any CPU
		{D977B63B-BF1D-4586-B769-DC9D88F304B9}.Release|x64.ActiveCfg = Release|Any CPU
		{D977B63B-BF1D-4586-B769-DC9D88F304B9}.Release|x64.Build.0 = Release|Any CPU
		{D977B63B-BF1D-4586-B769-DC9D88F304B9}.Release|x86.ActiveCfg = Release|Any CPU
		{D977B63B-BF1D-4586-B769-DC9D88F304B9}.Release|x86.Build.0 = Release|Any CPU
		{A6CBE51E-07AD-44AF-AE01-31E360E4C13A}.Debug|Any CPU.ActiveCfg = Debug|Any CPU
		{A6CBE51E-07AD-44AF-AE01-31E360E4C13A}.Debug|Any CPU.Build.0 = Debug|Any CPU
		{A6CBE51E-07AD-44AF-AE01-31E360E4C13A}.Debug|ARM.ActiveCfg = Debug|Any CPU
		{A6CBE51E-07AD-44AF-AE01-31E360E4C13A}.Debug|ARM.Build.0 = Debug|Any CPU
		{A6CBE51E-07AD-44AF-AE01-31E360E4C13A}.Debug|ARM64.ActiveCfg = Debug|Any CPU
		{A6CBE51E-07AD-44AF-AE01-31E360E4C13A}.Debug|ARM64.Build.0 = Debug|Any CPU
		{A6CBE51E-07AD-44AF-AE01-31E360E4C13A}.Debug|x64.ActiveCfg = Debug|Any CPU
		{A6CBE51E-07AD-44AF-AE01-31E360E4C13A}.Debug|x64.Build.0 = Debug|Any CPU
		{A6CBE51E-07AD-44AF-AE01-31E360E4C13A}.Debug|x86.ActiveCfg = Debug|Any CPU
		{A6CBE51E-07AD-44AF-AE01-31E360E4C13A}.Debug|x86.Build.0 = Debug|Any CPU
		{A6CBE51E-07AD-44AF-AE01-31E360E4C13A}.Release|Any CPU.ActiveCfg = Release|Any CPU
		{A6CBE51E-07AD-44AF-AE01-31E360E4C13A}.Release|Any CPU.Build.0 = Release|Any CPU
		{A6CBE51E-07AD-44AF-AE01-31E360E4C13A}.Release|ARM.ActiveCfg = Release|Any CPU
		{A6CBE51E-07AD-44AF-AE01-31E360E4C13A}.Release|ARM.Build.0 = Release|Any CPU
		{A6CBE51E-07AD-44AF-AE01-31E360E4C13A}.Release|ARM64.ActiveCfg = Release|Any CPU
		{A6CBE51E-07AD-44AF-AE01-31E360E4C13A}.Release|ARM64.Build.0 = Release|Any CPU
		{A6CBE51E-07AD-44AF-AE01-31E360E4C13A}.Release|x64.ActiveCfg = Release|Any CPU
		{A6CBE51E-07AD-44AF-AE01-31E360E4C13A}.Release|x64.Build.0 = Release|Any CPU
		{A6CBE51E-07AD-44AF-AE01-31E360E4C13A}.Release|x86.ActiveCfg = Release|Any CPU
		{A6CBE51E-07AD-44AF-AE01-31E360E4C13A}.Release|x86.Build.0 = Release|Any CPU
		{0A4D02D5-A29D-4CDD-AED1-0D528E11DD0B}.Debug|Any CPU.ActiveCfg = Debug|Any CPU
		{0A4D02D5-A29D-4CDD-AED1-0D528E11DD0B}.Debug|Any CPU.Build.0 = Debug|Any CPU
		{0A4D02D5-A29D-4CDD-AED1-0D528E11DD0B}.Debug|ARM.ActiveCfg = Debug|Any CPU
		{0A4D02D5-A29D-4CDD-AED1-0D528E11DD0B}.Debug|ARM.Build.0 = Debug|Any CPU
		{0A4D02D5-A29D-4CDD-AED1-0D528E11DD0B}.Debug|ARM64.ActiveCfg = Debug|Any CPU
		{0A4D02D5-A29D-4CDD-AED1-0D528E11DD0B}.Debug|ARM64.Build.0 = Debug|Any CPU
		{0A4D02D5-A29D-4CDD-AED1-0D528E11DD0B}.Debug|x64.ActiveCfg = Debug|Any CPU
		{0A4D02D5-A29D-4CDD-AED1-0D528E11DD0B}.Debug|x64.Build.0 = Debug|Any CPU
		{0A4D02D5-A29D-4CDD-AED1-0D528E11DD0B}.Debug|x86.ActiveCfg = Debug|Any CPU
		{0A4D02D5-A29D-4CDD-AED1-0D528E11DD0B}.Debug|x86.Build.0 = Debug|Any CPU
		{0A4D02D5-A29D-4CDD-AED1-0D528E11DD0B}.Release|Any CPU.ActiveCfg = Release|Any CPU
		{0A4D02D5-A29D-4CDD-AED1-0D528E11DD0B}.Release|Any CPU.Build.0 = Release|Any CPU
		{0A4D02D5-A29D-4CDD-AED1-0D528E11DD0B}.Release|ARM.ActiveCfg = Release|Any CPU
		{0A4D02D5-A29D-4CDD-AED1-0D528E11DD0B}.Release|ARM.Build.0 = Release|Any CPU
		{0A4D02D5-A29D-4CDD-AED1-0D528E11DD0B}.Release|ARM64.ActiveCfg = Release|Any CPU
		{0A4D02D5-A29D-4CDD-AED1-0D528E11DD0B}.Release|ARM64.Build.0 = Release|Any CPU
		{0A4D02D5-A29D-4CDD-AED1-0D528E11DD0B}.Release|x64.ActiveCfg = Release|Any CPU
		{0A4D02D5-A29D-4CDD-AED1-0D528E11DD0B}.Release|x64.Build.0 = Release|Any CPU
		{0A4D02D5-A29D-4CDD-AED1-0D528E11DD0B}.Release|x86.ActiveCfg = Release|Any CPU
		{0A4D02D5-A29D-4CDD-AED1-0D528E11DD0B}.Release|x86.Build.0 = Release|Any CPU
	EndGlobalSection
	GlobalSection(SolutionProperties) = preSolution
		HideSolutionNode = FALSE
	EndGlobalSection
	GlobalSection(ExtensibilityGlobals) = postSolution
		SolutionGuid = {894ECD34-B955-44A9-8545-5735F67EF0E6}
		RESX_NeutralResourcesLanguage = de-DE
		RESX_PrefixTranslations = False
	EndGlobalSection
EndGlobal
